// !$*UTF8*$!
{
	archiveVersion = 1;
	classes = {
	};
	objectVersion = 50;
	objects = {

/* Begin PBXBuildFile section */
		66205AED249A63BC0010464E /* AppDelegate.swift in Sources */ = {isa = PBXBuildFile; fileRef = 66205AEC249A63BC0010464E /* AppDelegate.swift */; };
		66205AEF249A63BC0010464E /* SceneDelegate.swift in Sources */ = {isa = PBXBuildFile; fileRef = 66205AEE249A63BC0010464E /* SceneDelegate.swift */; };
		66205AF1249A63BC0010464E /* ConversationViewController.swift in Sources */ = {isa = PBXBuildFile; fileRef = 66205AF0249A63BC0010464E /* ConversationViewController.swift */; };
		66205AF4249A63BC0010464E /* Main.storyboard in Resources */ = {isa = PBXBuildFile; fileRef = 66205AF2249A63BC0010464E /* Main.storyboard */; };
		66205AF7249A63BC0010464E /* Techcrus_Chat_App.xcdatamodeld in Sources */ = {isa = PBXBuildFile; fileRef = 66205AF5249A63BC0010464E /* Techcrus_Chat_App.xcdatamodeld */; };
		66205AF9249A63C10010464E /* Assets.xcassets in Resources */ = {isa = PBXBuildFile; fileRef = 66205AF8249A63C10010464E /* Assets.xcassets */; };
		66205AFC249A63C10010464E /* LaunchScreen.storyboard in Resources */ = {isa = PBXBuildFile; fileRef = 66205AFA249A63C10010464E /* LaunchScreen.storyboard */; };
		668B95FF24E1CDFF00827F9B /* StorageManager.swift in Sources */ = {isa = PBXBuildFile; fileRef = 668B95FE24E1CDFF00827F9B /* StorageManager.swift */; };
		669492D224A7A53F007B1ADA /* LoginViewController.swift in Sources */ = {isa = PBXBuildFile; fileRef = 669492D124A7A53F007B1ADA /* LoginViewController.swift */; };
		669492D424A7A57B007B1ADA /* PhotoViewerViewController.swift in Sources */ = {isa = PBXBuildFile; fileRef = 669492D324A7A57B007B1ADA /* PhotoViewerViewController.swift */; };
		669492D624A7A58A007B1ADA /* VideoViewerViewController.swift in Sources */ = {isa = PBXBuildFile; fileRef = 669492D524A7A58A007B1ADA /* VideoViewerViewController.swift */; };
		669492D824A7A5B5007B1ADA /* NewConversationViewController.swift in Sources */ = {isa = PBXBuildFile; fileRef = 669492D724A7A5B5007B1ADA /* NewConversationViewController.swift */; };
		669492DA24A7A5BE007B1ADA /* ProfileViewController.swift in Sources */ = {isa = PBXBuildFile; fileRef = 669492D924A7A5BE007B1ADA /* ProfileViewController.swift */; };
		669492DE24A7AF0B007B1ADA /* RegisterViewController.swift in Sources */ = {isa = PBXBuildFile; fileRef = 669492DD24A7AF0B007B1ADA /* RegisterViewController.swift */; };
		669492E024A7B6E9007B1ADA /* Extensions.swift in Sources */ = {isa = PBXBuildFile; fileRef = 669492DF24A7B6E9007B1ADA /* Extensions.swift */; };
		66D9CAA524DC868400F98FB3 /* ChatViewController.swift in Sources */ = {isa = PBXBuildFile; fileRef = 66D9CAA424DC868400F98FB3 /* ChatViewController.swift */; };
		66D9CB5824C5F5FD00051FDB /* DatabaseManager.swift in Sources */ = {isa = PBXBuildFile; fileRef = 66D9CB5724C5F5FD00051FDB /* DatabaseManager.swift */; };
		66FB478F24B0EE4900B082C6 /* GoogleService-Info.plist in Resources */ = {isa = PBXBuildFile; fileRef = 66FB478E24B0EE4800B082C6 /* GoogleService-Info.plist */; };
		D9580438AE2793FDCC99009E /* Pods_Techcrus_Chat_App.framework in Frameworks */ = {isa = PBXBuildFile; fileRef = 56104BF702A818DCCB038FAE /* Pods_Techcrus_Chat_App.framework */; };
/* End PBXBuildFile section */

/* Begin PBXFileReference section */
		56104BF702A818DCCB038FAE /* Pods_Techcrus_Chat_App.framework */ = {isa = PBXFileReference; explicitFileType = wrapper.framework; includeInIndex = 0; path = Pods_Techcrus_Chat_App.framework; sourceTree = BUILT_PRODUCTS_DIR; };
		5C3B7A56F8525D4081D0DA3C /* Pods-Techcrus-Chat-App.debug.xcconfig */ = {isa = PBXFileReference; includeInIndex = 1; lastKnownFileType = text.xcconfig; name = "Pods-Techcrus-Chat-App.debug.xcconfig"; path = "Target Support Files/Pods-Techcrus-Chat-App/Pods-Techcrus-Chat-App.debug.xcconfig"; sourceTree = "<group>"; };
		66205AE9249A63BC0010464E /* Techcrus-Chat-App.app */ = {isa = PBXFileReference; explicitFileType = wrapper.application; includeInIndex = 0; path = "Techcrus-Chat-App.app"; sourceTree = BUILT_PRODUCTS_DIR; };
		66205AEC249A63BC0010464E /* AppDelegate.swift */ = {isa = PBXFileReference; lastKnownFileType = sourcecode.swift; path = AppDelegate.swift; sourceTree = "<group>"; };
		66205AEE249A63BC0010464E /* SceneDelegate.swift */ = {isa = PBXFileReference; lastKnownFileType = sourcecode.swift; path = SceneDelegate.swift; sourceTree = "<group>"; };
		66205AF0249A63BC0010464E /* ConversationViewController.swift */ = {isa = PBXFileReference; lastKnownFileType = sourcecode.swift; path = ConversationViewController.swift; sourceTree = "<group>"; };
		66205AF3249A63BC0010464E /* Base */ = {isa = PBXFileReference; lastKnownFileType = file.storyboard; name = Base; path = Base.lproj/Main.storyboard; sourceTree = "<group>"; };
		66205AF6249A63BC0010464E /* Techcrus_Chat_App.xcdatamodel */ = {isa = PBXFileReference; lastKnownFileType = wrapper.xcdatamodel; path = Techcrus_Chat_App.xcdatamodel; sourceTree = "<group>"; };
		66205AF8249A63C10010464E /* Assets.xcassets */ = {isa = PBXFileReference; lastKnownFileType = folder.assetcatalog; path = Assets.xcassets; sourceTree = "<group>"; };
		66205AFB249A63C10010464E /* Base */ = {isa = PBXFileReference; lastKnownFileType = file.storyboard; name = Base; path = Base.lproj/LaunchScreen.storyboard; sourceTree = "<group>"; };
		66205AFD249A63C10010464E /* Info.plist */ = {isa = PBXFileReference; lastKnownFileType = text.plist.xml; path = Info.plist; sourceTree = "<group>"; };
		668B95FE24E1CDFF00827F9B /* StorageManager.swift */ = {isa = PBXFileReference; lastKnownFileType = sourcecode.swift; path = StorageManager.swift; sourceTree = "<group>"; };
		669492D124A7A53F007B1ADA /* LoginViewController.swift */ = {isa = PBXFileReference; lastKnownFileType = sourcecode.swift; path = LoginViewController.swift; sourceTree = "<group>"; };
		669492D324A7A57B007B1ADA /* PhotoViewerViewController.swift */ = {isa = PBXFileReference; lastKnownFileType = sourcecode.swift; path = PhotoViewerViewController.swift; sourceTree = "<group>"; };
		669492D524A7A58A007B1ADA /* VideoViewerViewController.swift */ = {isa = PBXFileReference; lastKnownFileType = sourcecode.swift; path = VideoViewerViewController.swift; sourceTree = "<group>"; };
		669492D724A7A5B5007B1ADA /* NewConversationViewController.swift */ = {isa = PBXFileReference; lastKnownFileType = sourcecode.swift; path = NewConversationViewController.swift; sourceTree = "<group>"; };
		669492D924A7A5BE007B1ADA /* ProfileViewController.swift */ = {isa = PBXFileReference; lastKnownFileType = sourcecode.swift; path = ProfileViewController.swift; sourceTree = "<group>"; };
		669492DD24A7AF0B007B1ADA /* RegisterViewController.swift */ = {isa = PBXFileReference; lastKnownFileType = sourcecode.swift; path = RegisterViewController.swift; sourceTree = "<group>"; };
		669492DF24A7B6E9007B1ADA /* Extensions.swift */ = {isa = PBXFileReference; lastKnownFileType = sourcecode.swift; path = Extensions.swift; sourceTree = "<group>"; };
		66D9CAA424DC868400F98FB3 /* ChatViewController.swift */ = {isa = PBXFileReference; lastKnownFileType = sourcecode.swift; path = ChatViewController.swift; sourceTree = "<group>"; };
		66D9CB5724C5F5FD00051FDB /* DatabaseManager.swift */ = {isa = PBXFileReference; lastKnownFileType = sourcecode.swift; path = DatabaseManager.swift; sourceTree = "<group>"; };
		66FB478E24B0EE4800B082C6 /* GoogleService-Info.plist */ = {isa = PBXFileReference; fileEncoding = 4; lastKnownFileType = text.plist.xml; path = "GoogleService-Info.plist"; sourceTree = "<group>"; };
		732D65A6CCD28C38F40805B4 /* Pods-Techcrus-Chat-App.release.xcconfig */ = {isa = PBXFileReference; includeInIndex = 1; lastKnownFileType = text.xcconfig; name = "Pods-Techcrus-Chat-App.release.xcconfig"; path = "Target Support Files/Pods-Techcrus-Chat-App/Pods-Techcrus-Chat-App.release.xcconfig"; sourceTree = "<group>"; };
/* End PBXFileReference section */

/* Begin PBXFrameworksBuildPhase section */
		66205AE6249A63BC0010464E /* Frameworks */ = {
			isa = PBXFrameworksBuildPhase;
			buildActionMask = 2147483647;
			files = (
				D9580438AE2793FDCC99009E /* Pods_Techcrus_Chat_App.framework in Frameworks */,
			);
			runOnlyForDeploymentPostprocessing = 0;
		};
/* End PBXFrameworksBuildPhase section */

/* Begin PBXGroup section */
		12E3E992720DD03525F03EB5 /* Frameworks */ = {
			isa = PBXGroup;
			children = (
				56104BF702A818DCCB038FAE /* Pods_Techcrus_Chat_App.framework */,
			);
			name = Frameworks;
			sourceTree = "<group>";
		};
		66205AE0249A63BC0010464E = {
			isa = PBXGroup;
			children = (
				66205AEB249A63BC0010464E /* Techcrus-Chat-App */,
				66205AEA249A63BC0010464E /* Products */,
				81E451C51791F681224D0FD2 /* Pods */,
				12E3E992720DD03525F03EB5 /* Frameworks */,
			);
			sourceTree = "<group>";
		};
		66205AEA249A63BC0010464E /* Products */ = {
			isa = PBXGroup;
			children = (
				66205AE9249A63BC0010464E /* Techcrus-Chat-App.app */,
			);
			name = Products;
			sourceTree = "<group>";
		};
		66205AEB249A63BC0010464E /* Techcrus-Chat-App */ = {
			isa = PBXGroup;
			children = (
				669492CF24A7A3F1007B1ADA /* Resources */,
				669492CE24A7A3E8007B1ADA /* ViewModels */,
				669492CD24A7A3D6007B1ADA /* Models */,
				669492CC24A7A3CD007B1ADA /* Views */,
				669492CB24A7A3C0007B1ADA /* Controllers */,
				66205AFD249A63C10010464E /* Info.plist */,
				66FB478E24B0EE4800B082C6 /* GoogleService-Info.plist */,
				66205AF5249A63BC0010464E /* Techcrus_Chat_App.xcdatamodeld */,
			);
			path = "Techcrus-Chat-App";
			sourceTree = "<group>";
		};
		669492CB24A7A3C0007B1ADA /* Controllers */ = {
			isa = PBXGroup;
			children = (
				66205AF0249A63BC0010464E /* ConversationViewController.swift */,
				66D9CAA424DC868400F98FB3 /* ChatViewController.swift */,
				669492DC24A7A9BD007B1ADA /* Login */,
				669492D324A7A57B007B1ADA /* PhotoViewerViewController.swift */,
				669492D524A7A58A007B1ADA /* VideoViewerViewController.swift */,
				669492D724A7A5B5007B1ADA /* NewConversationViewController.swift */,
				669492D924A7A5BE007B1ADA /* ProfileViewController.swift */,
			);
			path = Controllers;
			sourceTree = "<group>";
		};
		669492CC24A7A3CD007B1ADA /* Views */ = {
			isa = PBXGroup;
			children = (
				669492D024A7A420007B1ADA /* Storyboards */,
				66205AF8249A63C10010464E /* Assets.xcassets */,
			);
			path = Views;
			sourceTree = "<group>";
		};
		669492CD24A7A3D6007B1ADA /* Models */ = {
			isa = PBXGroup;
			children = (
			);
			path = Models;
			sourceTree = "<group>";
		};
		669492CE24A7A3E8007B1ADA /* ViewModels */ = {
			isa = PBXGroup;
			children = (
			);
			path = ViewModels;
			sourceTree = "<group>";
		};
		669492CF24A7A3F1007B1ADA /* Resources */ = {
			isa = PBXGroup;
			children = (
				66205AEC249A63BC0010464E /* AppDelegate.swift */,
				66205AEE249A63BC0010464E /* SceneDelegate.swift */,
				669492DF24A7B6E9007B1ADA /* Extensions.swift */,
				66D9CB5724C5F5FD00051FDB /* DatabaseManager.swift */,
				668B95FE24E1CDFF00827F9B /* StorageManager.swift */,
			);
			path = Resources;
			sourceTree = "<group>";
		};
		669492D024A7A420007B1ADA /* Storyboards */ = {
			isa = PBXGroup;
			children = (
				66205AF2249A63BC0010464E /* Main.storyboard */,
				66205AFA249A63C10010464E /* LaunchScreen.storyboard */,
			);
			path = Storyboards;
			sourceTree = "<group>";
		};
		669492DC24A7A9BD007B1ADA /* Login */ = {
			isa = PBXGroup;
			children = (
				669492D124A7A53F007B1ADA /* LoginViewController.swift */,
				669492DD24A7AF0B007B1ADA /* RegisterViewController.swift */,
			);
			path = Login;
			sourceTree = "<group>";
		};
		81E451C51791F681224D0FD2 /* Pods */ = {
			isa = PBXGroup;
			children = (
				5C3B7A56F8525D4081D0DA3C /* Pods-Techcrus-Chat-App.debug.xcconfig */,
				732D65A6CCD28C38F40805B4 /* Pods-Techcrus-Chat-App.release.xcconfig */,
			);
			name = Pods;
			path = Pods;
			sourceTree = "<group>";
		};
/* End PBXGroup section */

/* Begin PBXNativeTarget section */
		66205AE8249A63BC0010464E /* Techcrus-Chat-App */ = {
			isa = PBXNativeTarget;
			buildConfigurationList = 66205B00249A63C10010464E /* Build configuration list for PBXNativeTarget "Techcrus-Chat-App" */;
			buildPhases = (
				53309E9F24BCD30CB0D96B9E /* [CP] Check Pods Manifest.lock */,
				66205AE5249A63BC0010464E /* Sources */,
				66205AE6249A63BC0010464E /* Frameworks */,
				66205AE7249A63BC0010464E /* Resources */,
				554E91EA32B74FA11C028B77 /* [CP] Embed Pods Frameworks */,
				A2E4F05E57B7E3F7F1ED0C99 /* [CP] Copy Pods Resources */,
			);
			buildRules = (
			);
			dependencies = (
			);
			name = "Techcrus-Chat-App";
			productName = "Techcrus-Chat-App";
			productReference = 66205AE9249A63BC0010464E /* Techcrus-Chat-App.app */;
			productType = "com.apple.product-type.application";
		};
/* End PBXNativeTarget section */

/* Begin PBXProject section */
		66205AE1249A63BC0010464E /* Project object */ = {
			isa = PBXProject;
			attributes = {
				LastSwiftUpdateCheck = 1150;
				LastUpgradeCheck = 1150;
				ORGANIZATIONNAME = "Techcrus Labs";
				TargetAttributes = {
					66205AE8249A63BC0010464E = {
						CreatedOnToolsVersion = 11.5;
					};
				};
			};
			buildConfigurationList = 66205AE4249A63BC0010464E /* Build configuration list for PBXProject "Techcrus-Chat-App" */;
			compatibilityVersion = "Xcode 9.3";
			developmentRegion = en;
			hasScannedForEncodings = 0;
			knownRegions = (
				en,
				Base,
			);
			mainGroup = 66205AE0249A63BC0010464E;
			productRefGroup = 66205AEA249A63BC0010464E /* Products */;
			projectDirPath = "";
			projectRoot = "";
			targets = (
				66205AE8249A63BC0010464E /* Techcrus-Chat-App */,
			);
		};
/* End PBXProject section */

/* Begin PBXResourcesBuildPhase section */
		66205AE7249A63BC0010464E /* Resources */ = {
			isa = PBXResourcesBuildPhase;
			buildActionMask = 2147483647;
			files = (
				66205AFC249A63C10010464E /* LaunchScreen.storyboard in Resources */,
				66FB478F24B0EE4900B082C6 /* GoogleService-Info.plist in Resources */,
				66205AF9249A63C10010464E /* Assets.xcassets in Resources */,
				66205AF4249A63BC0010464E /* Main.storyboard in Resources */,
			);
			runOnlyForDeploymentPostprocessing = 0;
		};
/* End PBXResourcesBuildPhase section */

/* Begin PBXShellScriptBuildPhase section */
		53309E9F24BCD30CB0D96B9E /* [CP] Check Pods Manifest.lock */ = {
			isa = PBXShellScriptBuildPhase;
			buildActionMask = 2147483647;
			files = (
			);
			inputFileListPaths = (
			);
			inputPaths = (
				"${PODS_PODFILE_DIR_PATH}/Podfile.lock",
				"${PODS_ROOT}/Manifest.lock",
			);
			name = "[CP] Check Pods Manifest.lock";
			outputFileListPaths = (
			);
			outputPaths = (
				"$(DERIVED_FILE_DIR)/Pods-Techcrus-Chat-App-checkManifestLockResult.txt",
			);
			runOnlyForDeploymentPostprocessing = 0;
			shellPath = /bin/sh;
			shellScript = "diff \"${PODS_PODFILE_DIR_PATH}/Podfile.lock\" \"${PODS_ROOT}/Manifest.lock\" > /dev/null\nif [ $? != 0 ] ; then\n    # print error to STDERR\n    echo \"error: The sandbox is not in sync with the Podfile.lock. Run 'pod install' or update your CocoaPods installation.\" >&2\n    exit 1\nfi\n# This output is used by Xcode 'outputs' to avoid re-running this script phase.\necho \"SUCCESS\" > \"${SCRIPT_OUTPUT_FILE_0}\"\n";
			showEnvVarsInLog = 0;
		};
		554E91EA32B74FA11C028B77 /* [CP] Embed Pods Frameworks */ = {
			isa = PBXShellScriptBuildPhase;
			buildActionMask = 2147483647;
			files = (
			);
			inputFileListPaths = (
				"${PODS_ROOT}/Target Support Files/Pods-Techcrus-Chat-App/Pods-Techcrus-Chat-App-frameworks-${CONFIGURATION}-input-files.xcfilelist",
			);
			name = "[CP] Embed Pods Frameworks";
			outputFileListPaths = (
				"${PODS_ROOT}/Target Support Files/Pods-Techcrus-Chat-App/Pods-Techcrus-Chat-App-frameworks-${CONFIGURATION}-output-files.xcfilelist",
			);
			runOnlyForDeploymentPostprocessing = 0;
			shellPath = /bin/sh;
			shellScript = "\"${PODS_ROOT}/Target Support Files/Pods-Techcrus-Chat-App/Pods-Techcrus-Chat-App-frameworks.sh\"\n";
			showEnvVarsInLog = 0;
		};
		A2E4F05E57B7E3F7F1ED0C99 /* [CP] Copy Pods Resources */ = {
			isa = PBXShellScriptBuildPhase;
			buildActionMask = 2147483647;
			files = (
			);
			inputFileListPaths = (
				"${PODS_ROOT}/Target Support Files/Pods-Techcrus-Chat-App/Pods-Techcrus-Chat-App-resources-${CONFIGURATION}-input-files.xcfilelist",
			);
			name = "[CP] Copy Pods Resources";
			outputFileListPaths = (
				"${PODS_ROOT}/Target Support Files/Pods-Techcrus-Chat-App/Pods-Techcrus-Chat-App-resources-${CONFIGURATION}-output-files.xcfilelist",
			);
			runOnlyForDeploymentPostprocessing = 0;
			shellPath = /bin/sh;
			shellScript = "\"${PODS_ROOT}/Target Support Files/Pods-Techcrus-Chat-App/Pods-Techcrus-Chat-App-resources.sh\"\n";
			showEnvVarsInLog = 0;
		};
/* End PBXShellScriptBuildPhase section */

/* Begin PBXSourcesBuildPhase section */
		66205AE5249A63BC0010464E /* Sources */ = {
			isa = PBXSourcesBuildPhase;
			buildActionMask = 2147483647;
			files = (
				66205AF1249A63BC0010464E /* ConversationViewController.swift in Sources */,
				669492DE24A7AF0B007B1ADA /* RegisterViewController.swift in Sources */,
				669492D624A7A58A007B1ADA /* VideoViewerViewController.swift in Sources */,
				668B95FF24E1CDFF00827F9B /* StorageManager.swift in Sources */,
				669492D824A7A5B5007B1ADA /* NewConversationViewController.swift in Sources */,
				66205AED249A63BC0010464E /* AppDelegate.swift in Sources */,
				66205AF7249A63BC0010464E /* Techcrus_Chat_App.xcdatamodeld in Sources */,
				669492D224A7A53F007B1ADA /* LoginViewController.swift in Sources */,
				669492DA24A7A5BE007B1ADA /* ProfileViewController.swift in Sources */,
				66D9CB5824C5F5FD00051FDB /* DatabaseManager.swift in Sources */,
				66D9CAA524DC868400F98FB3 /* ChatViewController.swift in Sources */,
				66205AEF249A63BC0010464E /* SceneDelegate.swift in Sources */,
				669492E024A7B6E9007B1ADA /* Extensions.swift in Sources */,
				669492D424A7A57B007B1ADA /* PhotoViewerViewController.swift in Sources */,
			);
			runOnlyForDeploymentPostprocessing = 0;
		};
/* End PBXSourcesBuildPhase section */

/* Begin PBXVariantGroup section */
		66205AF2249A63BC0010464E /* Main.storyboard */ = {
			isa = PBXVariantGroup;
			children = (
				66205AF3249A63BC0010464E /* Base */,
			);
			name = Main.storyboard;
			sourceTree = "<group>";
		};
		66205AFA249A63C10010464E /* LaunchScreen.storyboard */ = {
			isa = PBXVariantGroup;
			children = (
				66205AFB249A63C10010464E /* Base */,
			);
			name = LaunchScreen.storyboard;
			sourceTree = "<group>";
		};
/* End PBXVariantGroup section */

/* Begin XCBuildConfiguration section */
		66205AFE249A63C10010464E /* Debug */ = {
			isa = XCBuildConfiguration;
			buildSettings = {
				ALWAYS_SEARCH_USER_PATHS = NO;
				CLANG_ANALYZER_NONNULL = YES;
				CLANG_ANALYZER_NUMBER_OBJECT_CONVERSION = YES_AGGRESSIVE;
				CLANG_CXX_LANGUAGE_STANDARD = "gnu++14";
				CLANG_CXX_LIBRARY = "libc++";
				CLANG_ENABLE_MODULES = YES;
				CLANG_ENABLE_OBJC_ARC = YES;
				CLANG_ENABLE_OBJC_WEAK = YES;
				CLANG_WARN_BLOCK_CAPTURE_AUTORELEASING = YES;
				CLANG_WARN_BOOL_CONVERSION = YES;
				CLANG_WARN_COMMA = YES;
				CLANG_WARN_CONSTANT_CONVERSION = YES;
				CLANG_WARN_DEPRECATED_OBJC_IMPLEMENTATIONS = YES;
				CLANG_WARN_DIRECT_OBJC_ISA_USAGE = YES_ERROR;
				CLANG_WARN_DOCUMENTATION_COMMENTS = YES;
				CLANG_WARN_EMPTY_BODY = YES;
				CLANG_WARN_ENUM_CONVERSION = YES;
				CLANG_WARN_INFINITE_RECURSION = YES;
				CLANG_WARN_INT_CONVERSION = YES;
				CLANG_WARN_NON_LITERAL_NULL_CONVERSION = YES;
				CLANG_WARN_OBJC_IMPLICIT_RETAIN_SELF = YES;
				CLANG_WARN_OBJC_LITERAL_CONVERSION = YES;
				CLANG_WARN_OBJC_ROOT_CLASS = YES_ERROR;
				CLANG_WARN_RANGE_LOOP_ANALYSIS = YES;
				CLANG_WARN_STRICT_PROTOTYPES = YES;
				CLANG_WARN_SUSPICIOUS_MOVE = YES;
				CLANG_WARN_UNGUARDED_AVAILABILITY = YES_AGGRESSIVE;
				CLANG_WARN_UNREACHABLE_CODE = YES;
				CLANG_WARN__DUPLICATE_METHOD_MATCH = YES;
				COPY_PHASE_STRIP = NO;
				DEBUG_INFORMATION_FORMAT = dwarf;
				ENABLE_STRICT_OBJC_MSGSEND = YES;
				ENABLE_TESTABILITY = YES;
				GCC_C_LANGUAGE_STANDARD = gnu11;
				GCC_DYNAMIC_NO_PIC = NO;
				GCC_NO_COMMON_BLOCKS = YES;
				GCC_OPTIMIZATION_LEVEL = 0;
				GCC_PREPROCESSOR_DEFINITIONS = (
					"DEBUG=1",
					"$(inherited)",
				);
				GCC_WARN_64_TO_32_BIT_CONVERSION = YES;
				GCC_WARN_ABOUT_RETURN_TYPE = YES_ERROR;
				GCC_WARN_UNDECLARED_SELECTOR = YES;
				GCC_WARN_UNINITIALIZED_AUTOS = YES_AGGRESSIVE;
				GCC_WARN_UNUSED_FUNCTION = YES;
				GCC_WARN_UNUSED_VARIABLE = YES;
				IPHONEOS_DEPLOYMENT_TARGET = 13.5;
				MTL_ENABLE_DEBUG_INFO = INCLUDE_SOURCE;
				MTL_FAST_MATH = YES;
				ONLY_ACTIVE_ARCH = YES;
				SDKROOT = iphoneos;
				SWIFT_ACTIVE_COMPILATION_CONDITIONS = DEBUG;
				SWIFT_OPTIMIZATION_LEVEL = "-Onone";
			};
			name = Debug;
		};
		66205AFF249A63C10010464E /* Release */ = {
			isa = XCBuildConfiguration;
			buildSettings = {
				ALWAYS_SEARCH_USER_PATHS = NO;
				CLANG_ANALYZER_NONNULL = YES;
				CLANG_ANALYZER_NUMBER_OBJECT_CONVERSION = YES_AGGRESSIVE;
				CLANG_CXX_LANGUAGE_STANDARD = "gnu++14";
				CLANG_CXX_LIBRARY = "libc++";
				CLANG_ENABLE_MODULES = YES;
				CLANG_ENABLE_OBJC_ARC = YES;
				CLANG_ENABLE_OBJC_WEAK = YES;
				CLANG_WARN_BLOCK_CAPTURE_AUTORELEASING = YES;
				CLANG_WARN_BOOL_CONVERSION = YES;
				CLANG_WARN_COMMA = YES;
				CLANG_WARN_CONSTANT_CONVERSION = YES;
				CLANG_WARN_DEPRECATED_OBJC_IMPLEMENTATIONS = YES;
				CLANG_WARN_DIRECT_OBJC_ISA_USAGE = YES_ERROR;
				CLANG_WARN_DOCUMENTATION_COMMENTS = YES;
				CLANG_WARN_EMPTY_BODY = YES;
				CLANG_WARN_ENUM_CONVERSION = YES;
				CLANG_WARN_INFINITE_RECURSION = YES;
				CLANG_WARN_INT_CONVERSION = YES;
				CLANG_WARN_NON_LITERAL_NULL_CONVERSION = YES;
				CLANG_WARN_OBJC_IMPLICIT_RETAIN_SELF = YES;
				CLANG_WARN_OBJC_LITERAL_CONVERSION = YES;
				CLANG_WARN_OBJC_ROOT_CLASS = YES_ERROR;
				CLANG_WARN_RANGE_LOOP_ANALYSIS = YES;
				CLANG_WARN_STRICT_PROTOTYPES = YES;
				CLANG_WARN_SUSPICIOUS_MOVE = YES;
				CLANG_WARN_UNGUARDED_AVAILABILITY = YES_AGGRESSIVE;
				CLANG_WARN_UNREACHABLE_CODE = YES;
				CLANG_WARN__DUPLICATE_METHOD_MATCH = YES;
				COPY_PHASE_STRIP = NO;
				DEBUG_INFORMATION_FORMAT = "dwarf-with-dsym";
				ENABLE_NS_ASSERTIONS = NO;
				ENABLE_STRICT_OBJC_MSGSEND = YES;
				GCC_C_LANGUAGE_STANDARD = gnu11;
				GCC_NO_COMMON_BLOCKS = YES;
				GCC_WARN_64_TO_32_BIT_CONVERSION = YES;
				GCC_WARN_ABOUT_RETURN_TYPE = YES_ERROR;
				GCC_WARN_UNDECLARED_SELECTOR = YES;
				GCC_WARN_UNINITIALIZED_AUTOS = YES_AGGRESSIVE;
				GCC_WARN_UNUSED_FUNCTION = YES;
				GCC_WARN_UNUSED_VARIABLE = YES;
				IPHONEOS_DEPLOYMENT_TARGET = 13.5;
				MTL_ENABLE_DEBUG_INFO = NO;
				MTL_FAST_MATH = YES;
				SDKROOT = iphoneos;
				SWIFT_COMPILATION_MODE = wholemodule;
				SWIFT_OPTIMIZATION_LEVEL = "-O";
				VALIDATE_PRODUCT = YES;
			};
			name = Release;
		};
		66205B01249A63C10010464E /* Debug */ = {
			isa = XCBuildConfiguration;
			baseConfigurationReference = 5C3B7A56F8525D4081D0DA3C /* Pods-Techcrus-Chat-App.debug.xcconfig */;
			buildSettings = {
				ASSETCATALOG_COMPILER_APPICON_NAME = AppIcon;
				CODE_SIGN_STYLE = Automatic;
				DEVELOPMENT_TEAM = TS9KGAL4QB;
				INFOPLIST_FILE = "Techcrus-Chat-App/Info.plist";
				LD_RUNPATH_SEARCH_PATHS = (
					"$(inherited)",
					"@executable_path/Frameworks",
				);
				PRODUCT_BUNDLE_IDENTIFIER = "com.joelparavara.Techcrus-Chat-App";
				PRODUCT_NAME = "$(TARGET_NAME)";
				SWIFT_VERSION = 5.0;
				TARGETED_DEVICE_FAMILY = 1;
			};
			name = Debug;
		};
		66205B02249A63C10010464E /* Release */ = {
			isa = XCBuildConfiguration;
			baseConfigurationReference = 732D65A6CCD28C38F40805B4 /* Pods-Techcrus-Chat-App.release.xcconfig */;
			buildSettings = {
				ASSETCATALOG_COMPILER_APPICON_NAME = AppIcon;
				CODE_SIGN_STYLE = Automatic;
				DEVELOPMENT_TEAM = TS9KGAL4QB;
				INFOPLIST_FILE = "Techcrus-Chat-App/Info.plist";
				LD_RUNPATH_SEARCH_PATHS = (
					"$(inherited)",
					"@executable_path/Frameworks",
				);
				PRODUCT_BUNDLE_IDENTIFIER = "com.joelparavara.Techcrus-Chat-App";
				PRODUCT_NAME = "$(TARGET_NAME)";
				SWIFT_VERSION = 5.0;
				TARGETED_DEVICE_FAMILY = 1;
			};
			name = Release;
		};
/* End XCBuildConfiguration section */

/* Begin XCConfigurationList section */
		66205AE4249A63BC0010464E /* Build configuration list for PBXProject "Techcrus-Chat-App" */ = {
			isa = XCConfigurationList;
			buildConfigurations = (
				66205AFE249A63C10010464E /* Debug */,
				66205AFF249A63C10010464E /* Release */,
			);
			defaultConfigurationIsVisible = 0;
			defaultConfigurationName = Release;
		};
		66205B00249A63C10010464E /* Build configuration list for PBXNativeTarget "Techcrus-Chat-App" */ = {
			isa = XCConfigurationList;
			buildConfigurations = (
				66205B01249A63C10010464E /* Debug */,
				66205B02249A63C10010464E /* Release */,
			);
			defaultConfigurationIsVisible = 0;
			defaultConfigurationName = Release;
		};
/* End XCConfigurationList section */

/* Begin XCVersionGroup section */
		66205AF5249A63BC0010464E /* Techcrus_Chat_App.xcdatamodeld */ = {
			isa = XCVersionGroup;
			children = (
				66205AF6249A63BC0010464E /* Techcrus_Chat_App.xcdatamodel */,
			);
			currentVersion = 66205AF6249A63BC0010464E /* Techcrus_Chat_App.xcdatamodel */;
			path = Techcrus_Chat_App.xcdatamodeld;
			sourceTree = "<group>";
			versionGroupType = wrapper.xcdatamodel;
		};
/* End XCVersionGroup section */
	};
	rootObject = 66205AE1249A63BC0010464E /* Project object */;
}
